
Microsoft Visual Studio Solution File, Format Version 12.00
# Visual Studio Version 17
VisualStudioVersion = 17.1.32421.90
MinimumVisualStudioVersion = 10.0.40219.1
Project("{FAE04EC0-301F-11D3-BF4B-00C04F79EFBC}") = "SistemaPlazoFijo", "SistemaPlazoFijo\SistemaPlazoFijo.csproj", "{33D627AC-E1CF-44E6-A7C4-2FF9233F7364}"
EndProject
Global
	GlobalSection(SolutionConfigurationPlatforms) = preSolution
		Debug|Any CPU = Debug|Any CPU
		Release|Any CPU = Release|Any CPU
	EndGlobalSection
	GlobalSection(ProjectConfigurationPlatforms) = postSolution
		{33D627AC-E1CF-44E6-A7C4-2FF9233F7364}.Debug|Any CPU.ActiveCfg = Debug|Any CPU
		{33D627AC-E1CF-44E6-A7C4-2FF9233F7364}.Debug|Any CPU.Build.0 = Debug|Any CPU
		{33D627AC-E1CF-44E6-A7C4-2FF9233F7364}.Release|Any CPU.ActiveCfg = Release|Any CPU
		{33D627AC-E1CF-44E6-A7C4-2FF9233F7364}.Release|Any CPU.Build.0 = Release|Any CPU
	EndGlobalSection
	GlobalSection(SolutionProperties) = preSolution
		HideSolutionNode = FALSE
	EndGlobalSection
	GlobalSection(ExtensibilityGlobals) = postSolution
		SolutionGuid = {5829F065-1414-44D4-9A9D-64251217FABA}
	EndGlobalSection
EndGlobal
